<?xml version="1.0" encoding="utf-8"?>
<Project ToolsVersion="4.0" xmlns="http://schemas.microsoft.com/developer/msbuild/2003">
  <ItemGroup>
    <Filter Include="源文件">
      <UniqueIdentifier>{4FC737F1-C7A5-4376-A066-2A32D752A2FF}</UniqueIdentifier>
      <Extensions>cpp;c;cc;cxx;def;odl;idl;hpj;bat;asm;asmx</Extensions>
    </Filter>
    <Filter Include="头文件">
      <UniqueIdentifier>{93995380-89BD-4b04-88EB-625FBE52EBFB}</UniqueIdentifier>
      <Extensions>h;hpp;hxx;hm;inl;inc;xsd</Extensions>
    </Filter>
    <Filter Include="资源文件">
      <UniqueIdentifier>{67DA6AB6-F800-4c08-8B7A-83BB121AAD01}</UniqueIdentifier>
      <Extensions>rc;ico;cur;bmp;dlg;rc2;rct;bin;rgs;gif;jpg;jpeg;jpe;resx;tiff;tif;png;wav;mfcribbon-ms</Extensions>
    </Filter>
  </ItemGroup>
  <ItemGroup>
    <Text Include="ReadMe.txt" />
  </ItemGroup>
  <ItemGroup>
    <ClInclude Include="stdafx.h">
      <Filter>头文件</Filter>
    </ClInclude>
    <ClInclude Include="targetver.h">
      <Filter>头文件</Filter>
    </ClInclude>
    <ClInclude Include="EqualNum.h">
      <Filter>头文件</Filter>
    </ClInclude>
    <ClInclude Include="LastNum.h">
      <Filter>头文件</Filter>
    </ClInclude>
    <ClInclude Include="MingsRandom.h">
      <Filter>头文件</Filter>
    </ClInclude>
    <ClInclude Include="Split.h">
      <Filter>头文件</Filter>
    </ClInclude>
    <ClInclude Include="ZXquestion1.h">
      <Filter>头文件</Filter>
    </ClInclude>
    <ClInclude Include="MemOperate.h">
      <Filter>头文件</Filter>
    </ClInclude>
    <ClInclude Include="InputPro.h">
      <Filter>头文件</Filter>
    </ClInclude>
    <ClInclude Include="XmlMatch.h">
      <Filter>头文件</Filter>
    </ClInclude>
    <ClInclude Include="FloatRoundoff.h">
      <Filter>头文件</Filter>
    </ClInclude>
    <ClInclude Include="MergeMap.h">
      <Filter>头文件</Filter>
    </ClInclude>
    <ClInclude Include="Selection.h">
      <Filter>头文件</Filter>
    </ClInclude>
  </ItemGroup>
  <ItemGroup>
    <ClCompile Include="stdafx.cpp">
      <Filter>源文件</Filter>
    </ClCompile>
    <ClCompile Include="EqualNum.cpp">
      <Filter>源文件</Filter>
    </ClCompile>
    <ClCompile Include="Main.cpp">
      <Filter>源文件</Filter>
    </ClCompile>
    <ClCompile Include="LastNum.cpp">
      <Filter>源文件</Filter>
    </ClCompile>
    <ClCompile Include="MingsRandom.cpp">
      <Filter>源文件</Filter>
    </ClCompile>
    <ClCompile Include="Split.cpp">
      <Filter>源文件</Filter>
    </ClCompile>
    <ClCompile Include="ZXquestion1.cpp">
      <Filter>源文件</Filter>
    </ClCompile>
    <ClCompile Include="MemOperate.cpp">
      <Filter>源文件</Filter>
    </ClCompile>
    <ClCompile Include="InputPro.cpp">
      <Filter>源文件</Filter>
    </ClCompile>
    <ClCompile Include="XmlMatch.cpp">
      <Filter>源文件</Filter>
    </ClCompile>
    <ClCompile Include="FloatRoundoff.cpp">
      <Filter>源文件</Filter>
    </ClCompile>
    <ClCompile Include="MergeMap.cpp">
      <Filter>源文件</Filter>
    </ClCompile>
    <ClCompile Include="BinaryVirus.cpp">
      <Filter>源文件</Filter>
    </ClCompile>
    <ClCompile Include="PickDupNum.cpp">
      <Filter>源文件</Filter>
    </ClCompile>
    <ClCompile Include="MaxSubSum.cpp">
      <Filter>源文件</Filter>
    </ClCompile>
    <ClCompile Include="Virus_AB.cpp">
      <Filter>源文件</Filter>
    </ClCompile>
    <ClCompile Include="ShopList.cpp">
      <Filter>源文件</Filter>
    </ClCompile>
    <ClCompile Include="WSAD.cpp">
      <Filter>源文件</Filter>
    </ClCompile>
    <ClCompile Include="movewords.cpp">
      <Filter>源文件</Filter>
    </ClCompile>
    <ClCompile Include="IPMASK.cpp">
      <Filter>源文件</Filter>
    </ClCompile>
    <ClCompile Include="factorial.cpp">
      <Filter>源文件</Filter>
    </ClCompile>
    <ClCompile Include="BeibaoQ.cpp">
      <Filter>源文件</Filter>
    </ClCompile>
  </ItemGroup>
</Project>